
Microsoft Visual Studio Solution File, Format Version 12.00
# Visual Studio Version 17
VisualStudioVersion = 17.11.35312.102
MinimumVisualStudioVersion = 10.0.40219.1
Project("{FAE04EC0-301F-11D3-BF4B-00C04F79EFBC}") = "Talabat.APIS", "Talabat.APIS\Talabat.APIS.csproj", "{2C774E47-E555-42F6-BC4C-37974ECCB7EA}"
EndProject
Project("{FAE04EC0-301F-11D3-BF4B-00C04F79EFBC}") = "Talabat.Core", "Talabat.Core\Talabat.Core.csproj", "{0EB5E94A-548C-4D48-95B1-43537DA36A87}"
EndProject
Project("{FAE04EC0-301F-11D3-BF4B-00C04F79EFBC}") = "Talabat.Repository", "Talabat.Repository\Talabat.Repository.csproj", "{C584E3A4-EF71-412D-8409-154890F13951}"
EndProject
Project("{FAE04EC0-301F-11D3-BF4B-00C04F79EFBC}") = "Talabat.Service", "Talabat.Service\Talabat.Service.csproj", "{99679241-2CFD-4C31-ACA4-9A14B4D3B79A}"
EndProject
Global
	GlobalSection(SolutionConfigurationPlatforms) = preSolution
		Debug|Any CPU = Debug|Any CPU
		Release|Any CPU = Release|Any CPU
	EndGlobalSection
	GlobalSection(ProjectConfigurationPlatforms) = postSolution
		{2C774E47-E555-42F6-BC4C-37974ECCB7EA}.Debug|Any CPU.ActiveCfg = Debug|Any CPU
		{2C774E47-E555-42F6-BC4C-37974ECCB7EA}.Debug|Any CPU.Build.0 = Debug|Any CPU
		{2C774E47-E555-42F6-BC4C-37974ECCB7EA}.Release|Any CPU.ActiveCfg = Release|Any CPU
		{2C774E47-E555-42F6-BC4C-37974ECCB7EA}.Release|Any CPU.Build.0 = Release|Any CPU
		{0EB5E94A-548C-4D48-95B1-43537DA36A87}.Debug|Any CPU.ActiveCfg = Debug|Any CPU
		{0EB5E94A-548C-4D48-95B1-43537DA36A87}.Debug|Any CPU.Build.0 = Debug|Any CPU
		{0EB5E94A-548C-4D48-95B1-43537DA36A87}.Release|Any CPU.ActiveCfg = Release|Any CPU
		{0EB5E94A-548C-4D48-95B1-43537DA36A87}.Release|Any CPU.Build.0 = Release|Any CPU
		{C584E3A4-EF71-412D-8409-154890F13951}.Debug|Any CPU.ActiveCfg = Debug|Any CPU
		{C584E3A4-EF71-412D-8409-154890F13951}.Debug|Any CPU.Build.0 = Debug|Any CPU
		{C584E3A4-EF71-412D-8409-154890F13951}.Release|Any CPU.ActiveCfg = Release|Any CPU
		{C584E3A4-EF71-412D-8409-154890F13951}.Release|Any CPU.Build.0 = Release|Any CPU
		{99679241-2CFD-4C31-ACA4-9A14B4D3B79A}.Debug|Any CPU.ActiveCfg = Debug|Any CPU
		{99679241-2CFD-4C31-ACA4-9A14B4D3B79A}.Debug|Any CPU.Build.0 = Debug|Any CPU
		{99679241-2CFD-4C31-ACA4-9A14B4D3B79A}.Release|Any CPU.ActiveCfg = Release|Any CPU
		{99679241-2CFD-4C31-ACA4-9A14B4D3B79A}.Release|Any CPU.Build.0 = Release|Any CPU
	EndGlobalSection
	GlobalSection(SolutionProperties) = preSolution
		HideSolutionNode = FALSE
	EndGlobalSection
	GlobalSection(ExtensibilityGlobals) = postSolution
		SolutionGuid = {DCED172C-2790-4CF8-873D-8E9E9F36E053}
	EndGlobalSection
EndGlobal
